{
  "name": "miniprogram-ts-quickstart",
  "version": "1.0.0",
  "lockfileVersion": 1,
  "requires": true,
  "dependencies": {
    "miniprogram-api-typings": {
      "version": "2.10.1",
      "resolved": "https://bnpm.byted.org/miniprogram-api-typings/download/miniprogram-api-typings-2.10.1.tgz",
      "integrity": "sha1-H+LkjbwP25uUEBiucn8LrjAIiNM="
    },
    "typescript": {
      "version": "3.7.5",
      "resolved": "https://registry.npm.taobao.org/typescript/download/typescript-3.7.5.tgz",
      "integrity": "sha1-BpLiH2X9QQi5MwI4qsEd0uF3oa4="
    }
  }
}
